// !$*UTF8*$!
{
	archiveVersion = 1;
	classes = {
	};
	objectVersion = 46;
	objects = {

/* Begin PBXBuildFile section */
		8850FFA41C0CCF3B00040D2A /* main.m in Sources */ = {isa = PBXBuildFile; fileRef = 8850FFA31C0CCF3B00040D2A /* main.m */; };
		8850FFA71C0CCF3B00040D2A /* AppDelegate.m in Sources */ = {isa = PBXBuildFile; fileRef = 8850FFA61C0CCF3B00040D2A /* AppDelegate.m */; };
		8850FFAA1C0CCF3B00040D2A /* ViewController.m in Sources */ = {isa = PBXBuildFile; fileRef = 8850FFA91C0CCF3B00040D2A /* ViewController.m */; };
		8850FFAD1C0CCF3B00040D2A /* Main.storyboard in Resources */ = {isa = PBXBuildFile; fileRef = 8850FFAB1C0CCF3B00040D2A /* Main.storyboard */; };
		8850FFB01C0CCF3B00040D2A /* Map_Bookmarks.xcdatamodeld in Sources */ = {isa = PBXBuildFile; fileRef = 8850FFAE1C0CCF3B00040D2A /* Map_Bookmarks.xcdatamodeld */; };
		8850FFB21C0CCF3B00040D2A /* Assets.xcassets in Resources */ = {isa = PBXBuildFile; fileRef = 8850FFB11C0CCF3B00040D2A /* Assets.xcassets */; };
		8850FFB51C0CCF3B00040D2A /* LaunchScreen.storyboard in Resources */ = {isa = PBXBuildFile; fileRef = 8850FFB31C0CCF3B00040D2A /* LaunchScreen.storyboard */; };
		8850FFC01C0CCF3B00040D2A /* Map_BookmarksTests.m in Sources */ = {isa = PBXBuildFile; fileRef = 8850FFBF1C0CCF3B00040D2A /* Map_BookmarksTests.m */; };
		8850FFCB1C0CCF3B00040D2A /* Map_BookmarksUITests.m in Sources */ = {isa = PBXBuildFile; fileRef = 8850FFCA1C0CCF3B00040D2A /* Map_BookmarksUITests.m */; };
/* End PBXBuildFile section */

/* Begin PBXContainerItemProxy section */
		8850FFBC1C0CCF3B00040D2A /* PBXContainerItemProxy */ = {
			isa = PBXContainerItemProxy;
			containerPortal = 8850FF971C0CCF3A00040D2A /* Project object */;
			proxyType = 1;
			remoteGlobalIDString = 8850FF9E1C0CCF3A00040D2A;
			remoteInfo = "Map Bookmarks";
		};
		8850FFC71C0CCF3B00040D2A /* PBXContainerItemProxy */ = {
			isa = PBXContainerItemProxy;
			containerPortal = 8850FF971C0CCF3A00040D2A /* Project object */;
			proxyType = 1;
			remoteGlobalIDString = 8850FF9E1C0CCF3A00040D2A;
			remoteInfo = "Map Bookmarks";
		};
/* End PBXContainerItemProxy section */

/* Begin PBXFileReference section */
		8850FF9F1C0CCF3B00040D2A /* Map Bookmarks.app */ = {isa = PBXFileReference; explicitFileType = wrapper.application; includeInIndex = 0; path = "Map Bookmarks.app"; sourceTree = BUILT_PRODUCTS_DIR; };
		8850FFA31C0CCF3B00040D2A /* main.m */ = {isa = PBXFileReference; lastKnownFileType = sourcecode.c.objc; path = main.m; sourceTree = "<group>"; };
		8850FFA51C0CCF3B00040D2A /* AppDelegate.h */ = {isa = PBXFileReference; lastKnownFileType = sourcecode.c.h; path = AppDelegate.h; sourceTree = "<group>"; };
		8850FFA61C0CCF3B00040D2A /* AppDelegate.m */ = {isa = PBXFileReference; lastKnownFileType = sourcecode.c.objc; path = AppDelegate.m; sourceTree = "<group>"; };
		8850FFA81C0CCF3B00040D2A /* ViewController.h */ = {isa = PBXFileReference; lastKnownFileType = sourcecode.c.h; path = ViewController.h; sourceTree = "<group>"; };
		8850FFA91C0CCF3B00040D2A /* ViewController.m */ = {isa = PBXFileReference; lastKnownFileType = sourcecode.c.objc; path = ViewController.m; sourceTree = "<group>"; };
		8850FFAC1C0CCF3B00040D2A /* Base */ = {isa = PBXFileReference; lastKnownFileType = file.storyboard; name = Base; path = Base.lproj/Main.storyboard; sourceTree = "<group>"; };
		8850FFAF1C0CCF3B00040D2A /* Map_Bookmarks.xcdatamodel */ = {isa = PBXFileReference; lastKnownFileType = wrapper.xcdatamodel; path = Map_Bookmarks.xcdatamodel; sourceTree = "<group>"; };
		8850FFB11C0CCF3B00040D2A /* Assets.xcassets */ = {isa = PBXFileReference; lastKnownFileType = folder.assetcatalog; path = Assets.xcassets; sourceTree = "<group>"; };
		8850FFB41C0CCF3B00040D2A /* Base */ = {isa = PBXFileReference; lastKnownFileType = file.storyboard; name = Base; path = Base.lproj/LaunchScreen.storyboard; sourceTree = "<group>"; };
		8850FFB61C0CCF3B00040D2A /* Info.plist */ = {isa = PBXFileReference; lastKnownFileType = text.plist.xml; path = Info.plist; sourceTree = "<group>"; };
		8850FFBB1C0CCF3B00040D2A /* Map BookmarksTests.xctest */ = {isa = PBXFileReference; explicitFileType = wrapper.cfbundle; includeInIndex = 0; path = "Map BookmarksTests.xctest"; sourceTree = BUILT_PRODUCTS_DIR; };
		8850FFBF1C0CCF3B00040D2A /* Map_BookmarksTests.m */ = {isa = PBXFileReference; lastKnownFileType = sourcecode.c.objc; path = Map_BookmarksTests.m; sourceTree = "<group>"; };
		8850FFC11C0CCF3B00040D2A /* Info.plist */ = {isa = PBXFileReference; lastKnownFileType = text.plist.xml; path = Info.plist; sourceTree = "<group>"; };
		8850FFC61C0CCF3B00040D2A /* Map BookmarksUITests.xctest */ = {isa = PBXFileReference; explicitFileType = wrapper.cfbundle; includeInIndex = 0; path = "Map BookmarksUITests.xctest"; sourceTree = BUILT_PRODUCTS_DIR; };
		8850FFCA1C0CCF3B00040D2A /* Map_BookmarksUITests.m */ = {isa = PBXFileReference; lastKnownFileType = sourcecode.c.objc; path = Map_BookmarksUITests.m; sourceTree = "<group>"; };
		8850FFCC1C0CCF3B00040D2A /* Info.plist */ = {isa = PBXFileReference; lastKnownFileType = text.plist.xml; path = Info.plist; sourceTree = "<group>"; };
/* End PBXFileReference section */

/* Begin PBXFrameworksBuildPhase section */
		8850FF9C1C0CCF3A00040D2A /* Frameworks */ = {
			isa = PBXFrameworksBuildPhase;
			buildActionMask = 2147483647;
			files = (
			);
			runOnlyForDeploymentPostprocessing = 0;
		};
		8850FFB81C0CCF3B00040D2A /* Frameworks */ = {
			isa = PBXFrameworksBuildPhase;
			buildActionMask = 2147483647;
			files = (
			);
			runOnlyForDeploymentPostprocessing = 0;
		};
		8850FFC31C0CCF3B00040D2A /* Frameworks */ = {
			isa = PBXFrameworksBuildPhase;
			buildActionMask = 2147483647;
			files = (
			);
			runOnlyForDeploymentPostprocessing = 0;
		};
/* End PBXFrameworksBuildPhase section */

/* Begin PBXGroup section */
		8850FF961C0CCF3A00040D2A = {
			isa = PBXGroup;
			children = (
				8850FFA11C0CCF3B00040D2A /* Map Bookmarks */,
				8850FFBE1C0CCF3B00040D2A /* Map BookmarksTests */,
				8850FFC91C0CCF3B00040D2A /* Map BookmarksUITests */,
				8850FFA01C0CCF3B00040D2A /* Products */,
			);
			sourceTree = "<group>";
		};
		8850FFA01C0CCF3B00040D2A /* Products */ = {
			isa = PBXGroup;
			children = (
				8850FF9F1C0CCF3B00040D2A /* Map Bookmarks.app */,
				8850FFBB1C0CCF3B00040D2A /* Map BookmarksTests.xctest */,
				8850FFC61C0CCF3B00040D2A /* Map BookmarksUITests.xctest */,
			);
			name = Products;
			sourceTree = "<group>";
		};
		8850FFA11C0CCF3B00040D2A /* Map Bookmarks */ = {
			isa = PBXGroup;
			children = (
				8850FFA51C0CCF3B00040D2A /* AppDelegate.h */,
				8850FFA61C0CCF3B00040D2A /* AppDelegate.m */,
				8850FFA81C0CCF3B00040D2A /* ViewController.h */,
				8850FFA91C0CCF3B00040D2A /* ViewController.m */,
				8850FFAB1C0CCF3B00040D2A /* Main.storyboard */,
				8850FFB11C0CCF3B00040D2A /* Assets.xcassets */,
				8850FFB31C0CCF3B00040D2A /* LaunchScreen.storyboard */,
				8850FFB61C0CCF3B00040D2A /* Info.plist */,
				8850FFAE1C0CCF3B00040D2A /* Map_Bookmarks.xcdatamodeld */,
				8850FFA21C0CCF3B00040D2A /* Supporting Files */,
			);
			path = "Map Bookmarks";
			sourceTree = "<group>";
		};
		8850FFA21C0CCF3B00040D2A /* Supporting Files */ = {
			isa = PBXGroup;
			children = (
				8850FFA31C0CCF3B00040D2A /* main.m */,
			);
			name = "Supporting Files";
			sourceTree = "<group>";
		};
		8850FFBE1C0CCF3B00040D2A /* Map BookmarksTests */ = {
			isa = PBXGroup;
			children = (
				8850FFBF1C0CCF3B00040D2A /* Map_BookmarksTests.m */,
				8850FFC11C0CCF3B00040D2A /* Info.plist */,
			);
			path = "Map BookmarksTests";
			sourceTree = "<group>";
		};
		8850FFC91C0CCF3B00040D2A /* Map BookmarksUITests */ = {
			isa = PBXGroup;
			children = (
				8850FFCA1C0CCF3B00040D2A /* Map_BookmarksUITests.m */,
				8850FFCC1C0CCF3B00040D2A /* Info.plist */,
			);
			path = "Map BookmarksUITests";
			sourceTree = "<group>";
		};
/* End PBXGroup section */

/* Begin PBXNativeTarget section */
		8850FF9E1C0CCF3A00040D2A /* Map Bookmarks */ = {
			isa = PBXNativeTarget;
			buildConfigurationList = 8850FFCF1C0CCF3B00040D2A /* Build configuration list for PBXNativeTarget "Map Bookmarks" */;
			buildPhases = (
				8850FF9B1C0CCF3A00040D2A /* Sources */,
				8850FF9C1C0CCF3A00040D2A /* Frameworks */,
				8850FF9D1C0CCF3A00040D2A /* Resources */,
			);
			buildRules = (
			);
			dependencies = (
			);
			name = "Map Bookmarks";
			productName = "Map Bookmarks";
			productReference = 8850FF9F1C0CCF3B00040D2A /* Map Bookmarks.app */;
			productType = "com.apple.product-type.application";
		};
		8850FFBA1C0CCF3B00040D2A /* Map BookmarksTests */ = {
			isa = PBXNativeTarget;
			buildConfigurationList = 8850FFD21C0CCF3B00040D2A /* Build configuration list for PBXNativeTarget "Map BookmarksTests" */;
			buildPhases = (
				8850FFB71C0CCF3B00040D2A /* Sources */,
				8850FFB81C0CCF3B00040D2A /* Frameworks */,
				8850FFB91C0CCF3B00040D2A /* Resources */,
			);
			buildRules = (
			);
			dependencies = (
				8850FFBD1C0CCF3B00040D2A /* PBXTargetDependency */,
			);
			name = "Map BookmarksTests";
			productName = "Map BookmarksTests";
			productReference = 8850FFBB1C0CCF3B00040D2A /* Map BookmarksTests.xctest */;
			productType = "com.apple.product-type.bundle.unit-test";
		};
		8850FFC51C0CCF3B00040D2A /* Map BookmarksUITests */ = {
			isa = PBXNativeTarget;
			buildConfigurationList = 8850FFD51C0CCF3B00040D2A /* Build configuration list for PBXNativeTarget "Map BookmarksUITests" */;
			buildPhases = (
				8850FFC21C0CCF3B00040D2A /* Sources */,
				8850FFC31C0CCF3B00040D2A /* Frameworks */,
				8850FFC41C0CCF3B00040D2A /* Resources */,
			);
			buildRules = (
			);
			dependencies = (
				8850FFC81C0CCF3B00040D2A /* PBXTargetDependency */,
			);
			name = "Map BookmarksUITests";
			productName = "Map BookmarksUITests";
			productReference = 8850FFC61C0CCF3B00040D2A /* Map BookmarksUITests.xctest */;
			productType = "com.apple.product-type.bundle.ui-testing";
		};
/* End PBXNativeTarget section */

/* Begin PBXProject section */
		8850FF971C0CCF3A00040D2A /* Project object */ = {
			isa = PBXProject;
			attributes = {
				LastUpgradeCheck = 0710;
				ORGANIZATIONNAME = MilNik;
				TargetAttributes = {
					8850FF9E1C0CCF3A00040D2A = {
						CreatedOnToolsVersion = 7.1.1;
						DevelopmentTeam = 9SV659AMF3;
					};
					8850FFBA1C0CCF3B00040D2A = {
						CreatedOnToolsVersion = 7.1.1;
						DevelopmentTeam = 9SV659AMF3;
						TestTargetID = 8850FF9E1C0CCF3A00040D2A;
					};
					8850FFC51C0CCF3B00040D2A = {
						CreatedOnToolsVersion = 7.1.1;
						DevelopmentTeam = 9SV659AMF3;
						TestTargetID = 8850FF9E1C0CCF3A00040D2A;
					};
				};
			};
			buildConfigurationList = 8850FF9A1C0CCF3A00040D2A /* Build configuration list for PBXProject "Map Bookmarks" */;
			compatibilityVersion = "Xcode 3.2";
			developmentRegion = English;
			hasScannedForEncodings = 0;
			knownRegions = (
				en,
				Base,
			);
			mainGroup = 8850FF961C0CCF3A00040D2A;
			productRefGroup = 8850FFA01C0CCF3B00040D2A /* Products */;
			projectDirPath = "";
			projectRoot = "";
			targets = (
				8850FF9E1C0CCF3A00040D2A /* Map Bookmarks */,
				8850FFBA1C0CCF3B00040D2A /* Map BookmarksTests */,
				8850FFC51C0CCF3B00040D2A /* Map BookmarksUITests */,
			);
		};
/* End PBXProject section */

/* Begin PBXResourcesBuildPhase section */
		8850FF9D1C0CCF3A00040D2A /* Resources */ = {
			isa = PBXResourcesBuildPhase;
			buildActionMask = 2147483647;
			files = (
				8850FFB51C0CCF3B00040D2A /* LaunchScreen.storyboard in Resources */,
				8850FFB21C0CCF3B00040D2A /* Assets.xcassets in Resources */,
				8850FFAD1C0CCF3B00040D2A /* Main.storyboard in Resources */,
			);
			runOnlyForDeploymentPostprocessing = 0;
		};
		8850FFB91C0CCF3B00040D2A /* Resources */ = {
			isa = PBXResourcesBuildPhase;
			buildActionMask = 2147483647;
			files = (
			);
			runOnlyForDeploymentPostprocessing = 0;
		};
		8850FFC41C0CCF3B00040D2A /* Resources */ = {
			isa = PBXResourcesBuildPhase;
			buildActionMask = 2147483647;
			files = (
			);
			runOnlyForDeploymentPostprocessing = 0;
		};
/* End PBXResourcesBuildPhase section */

/* Begin PBXSourcesBuildPhase section */
		8850FF9B1C0CCF3A00040D2A /* Sources */ = {
			isa = PBXSourcesBuildPhase;
			buildActionMask = 2147483647;
			files = (
				8850FFB01C0CCF3B00040D2A /* Map_Bookmarks.xcdatamodeld in Sources */,
				8850FFAA1C0CCF3B00040D2A /* ViewController.m in Sources */,
				8850FFA71C0CCF3B00040D2A /* AppDelegate.m in Sources */,
				8850FFA41C0CCF3B00040D2A /* main.m in Sources */,
			);
			runOnlyForDeploymentPostprocessing = 0;
		};
		8850FFB71C0CCF3B00040D2A /* Sources */ = {
			isa = PBXSourcesBuildPhase;
			buildActionMask = 2147483647;
			files = (
				8850FFC01C0CCF3B00040D2A /* Map_BookmarksTests.m in Sources */,
			);
			runOnlyForDeploymentPostprocessing = 0;
		};
		8850FFC21C0CCF3B00040D2A /* Sources */ = {
			isa = PBXSourcesBuildPhase;
			buildActionMask = 2147483647;
			files = (
				8850FFCB1C0CCF3B00040D2A /* Map_BookmarksUITests.m in Sources */,
			);
			runOnlyForDeploymentPostprocessing = 0;
		};
/* End PBXSourcesBuildPhase section */

/* Begin PBXTargetDependency section */
		8850FFBD1C0CCF3B00040D2A /* PBXTargetDependency */ = {
			isa = PBXTargetDependency;
			target = 8850FF9E1C0CCF3A00040D2A /* Map Bookmarks */;
			targetProxy = 8850FFBC1C0CCF3B00040D2A /* PBXContainerItemProxy */;
		};
		8850FFC81C0CCF3B00040D2A /* PBXTargetDependency */ = {
			isa = PBXTargetDependency;
			target = 8850FF9E1C0CCF3A00040D2A /* Map Bookmarks */;
			targetProxy = 8850FFC71C0CCF3B00040D2A /* PBXContainerItemProxy */;
		};
/* End PBXTargetDependency section */

/* Begin PBXVariantGroup section */
		8850FFAB1C0CCF3B00040D2A /* Main.storyboard */ = {
			isa = PBXVariantGroup;
			children = (
				8850FFAC1C0CCF3B00040D2A /* Base */,
			);
			name = Main.storyboard;
			sourceTree = "<group>";
		};
		8850FFB31C0CCF3B00040D2A /* LaunchScreen.storyboard */ = {
			isa = PBXVariantGroup;
			children = (
				8850FFB41C0CCF3B00040D2A /* Base */,
			);
			name = LaunchScreen.storyboard;
			sourceTree = "<group>";
		};
/* End PBXVariantGroup section */

/* Begin XCBuildConfiguration section */
		8850FFCD1C0CCF3B00040D2A /* Debug */ = {
			isa = XCBuildConfiguration;
			buildSettings = {
				ALWAYS_SEARCH_USER_PATHS = NO;
				CLANG_CXX_LANGUAGE_STANDARD = "gnu++0x";
				CLANG_CXX_LIBRARY = "libc++";
				CLANG_ENABLE_MODULES = YES;
				CLANG_ENABLE_OBJC_ARC = YES;
				CLANG_WARN_BOOL_CONVERSION = YES;
				CLANG_WARN_CONSTANT_CONVERSION = YES;
				CLANG_WARN_DIRECT_OBJC_ISA_USAGE = YES_ERROR;
				CLANG_WARN_EMPTY_BODY = YES;
				CLANG_WARN_ENUM_CONVERSION = YES;
				CLANG_WARN_INT_CONVERSION = YES;
				CLANG_WARN_OBJC_ROOT_CLASS = YES_ERROR;
				CLANG_WARN_UNREACHABLE_CODE = YES;
				CLANG_WARN__DUPLICATE_METHOD_MATCH = YES;
				"CODE_SIGN_IDENTITY[sdk=iphoneos*]" = "iPhone Developer";
				COPY_PHASE_STRIP = NO;
				DEBUG_INFORMATION_FORMAT = dwarf;
				ENABLE_STRICT_OBJC_MSGSEND = YES;
				ENABLE_TESTABILITY = YES;
				GCC_C_LANGUAGE_STANDARD = gnu99;
				GCC_DYNAMIC_NO_PIC = NO;
				GCC_NO_COMMON_BLOCKS = YES;
				GCC_OPTIMIZATION_LEVEL = 0;
				GCC_PREPROCESSOR_DEFINITIONS = (
					"DEBUG=1",
					"$(inherited)",
				);
				GCC_WARN_64_TO_32_BIT_CONVERSION = YES;
				GCC_WARN_ABOUT_RETURN_TYPE = YES_ERROR;
				GCC_WARN_UNDECLARED_SELECTOR = YES;
				GCC_WARN_UNINITIALIZED_AUTOS = YES_AGGRESSIVE;
				GCC_WARN_UNUSED_FUNCTION = YES;
				GCC_WARN_UNUSED_VARIABLE = YES;
				IPHONEOS_DEPLOYMENT_TARGET = 9.1;
				MTL_ENABLE_DEBUG_INFO = YES;
				ONLY_ACTIVE_ARCH = YES;
				SDKROOT = iphoneos;
			};
			name = Debug;
		};
		8850FFCE1C0CCF3B00040D2A /* Release */ = {
			isa = XCBuildConfiguration;
			buildSettings = {
				ALWAYS_SEARCH_USER_PATHS = NO;
				CLANG_CXX_LANGUAGE_STANDARD = "gnu++0x";
				CLANG_CXX_LIBRARY = "libc++";
				CLANG_ENABLE_MODULES = YES;
				CLANG_ENABLE_OBJC_ARC = YES;
				CLANG_WARN_BOOL_CONVERSION = YES;
				CLANG_WARN_CONSTANT_CONVERSION = YES;
				CLANG_WARN_DIRECT_OBJC_ISA_USAGE = YES_ERROR;
				CLANG_WARN_EMPTY_BODY = YES;
				CLANG_WARN_ENUM_CONVERSION = YES;
				CLANG_WARN_INT_CONVERSION = YES;
				CLANG_WARN_OBJC_ROOT_CLASS = YES_ERROR;
				CLANG_WARN_UNREACHABLE_CODE = YES;
				CLANG_WARN__DUPLICATE_METHOD_MATCH = YES;
				"CODE_SIGN_IDENTITY[sdk=iphoneos*]" = "iPhone Developer";
				COPY_PHASE_STRIP = NO;
				DEBUG_INFORMATION_FORMAT = "dwarf-with-dsym";
				ENABLE_NS_ASSERTIONS = NO;
				ENABLE_STRICT_OBJC_MSGSEND = YES;
				GCC_C_LANGUAGE_STANDARD = gnu99;
				GCC_NO_COMMON_BLOCKS = YES;
				GCC_WARN_64_TO_32_BIT_CONVERSION = YES;
				GCC_WARN_ABOUT_RETURN_TYPE = YES_ERROR;
				GCC_WARN_UNDECLARED_SELECTOR = YES;
				GCC_WARN_UNINITIALIZED_AUTOS = YES_AGGRESSIVE;
				GCC_WARN_UNUSED_FUNCTION = YES;
				GCC_WARN_UNUSED_VARIABLE = YES;
				IPHONEOS_DEPLOYMENT_TARGET = 9.1;
				MTL_ENABLE_DEBUG_INFO = NO;
				SDKROOT = iphoneos;
				VALIDATE_PRODUCT = YES;
			};
			name = Release;
		};
		8850FFD01C0CCF3B00040D2A /* Debug */ = {
			isa = XCBuildConfiguration;
			buildSettings = {
				ASSETCATALOG_COMPILER_APPICON_NAME = AppIcon;
				INFOPLIST_FILE = "Map Bookmarks/Info.plist";
				LD_RUNPATH_SEARCH_PATHS = "$(inherited) @executable_path/Frameworks";
				PRODUCT_BUNDLE_IDENTIFIER = "hata.Map-Bookmarks";
				PRODUCT_NAME = "$(TARGET_NAME)";
			};
			name = Debug;
		};
		8850FFD11C0CCF3B00040D2A /* Release */ = {
			isa = XCBuildConfiguration;
			buildSettings = {
				ASSETCATALOG_COMPILER_APPICON_NAME = AppIcon;
				INFOPLIST_FILE = "Map Bookmarks/Info.plist";
				LD_RUNPATH_SEARCH_PATHS = "$(inherited) @executable_path/Frameworks";
				PRODUCT_BUNDLE_IDENTIFIER = "hata.Map-Bookmarks";
				PRODUCT_NAME = "$(TARGET_NAME)";
			};
			name = Release;
		};
		8850FFD31C0CCF3B00040D2A /* Debug */ = {
			isa = XCBuildConfiguration;
			buildSettings = {
				BUNDLE_LOADER = "$(TEST_HOST)";
				INFOPLIST_FILE = "Map BookmarksTests/Info.plist";
				LD_RUNPATH_SEARCH_PATHS = "$(inherited) @executable_path/Frameworks @loader_path/Frameworks";
				PRODUCT_BUNDLE_IDENTIFIER = "hata.Map-BookmarksTests";
				PRODUCT_NAME = "$(TARGET_NAME)";
				TEST_HOST = "$(BUILT_PRODUCTS_DIR)/Map Bookmarks.app/Map Bookmarks";
			};
			name = Debug;
		};
		8850FFD41C0CCF3B00040D2A /* Release */ = {
			isa = XCBuildConfiguration;
			buildSettings = {
				BUNDLE_LOADER = "$(TEST_HOST)";
				INFOPLIST_FILE = "Map BookmarksTests/Info.plist";
				LD_RUNPATH_SEARCH_PATHS = "$(inherited) @executable_path/Frameworks @loader_path/Frameworks";
				PRODUCT_BUNDLE_IDENTIFIER = "hata.Map-BookmarksTests";
				PRODUCT_NAME = "$(TARGET_NAME)";
				TEST_HOST = "$(BUILT_PRODUCTS_DIR)/Map Bookmarks.app/Map Bookmarks";
			};
			name = Release;
		};
		8850FFD61C0CCF3B00040D2A /* Debug */ = {
			isa = XCBuildConfiguration;
			buildSettings = {
				INFOPLIST_FILE = "Map BookmarksUITests/Info.plist";
				LD_RUNPATH_SEARCH_PATHS = "$(inherited) @executable_path/Frameworks @loader_path/Frameworks";
				PRODUCT_BUNDLE_IDENTIFIER = "hata.Map-BookmarksUITests";
				PRODUCT_NAME = "$(TARGET_NAME)";
				TEST_TARGET_NAME = "Map Bookmarks";
				USES_XCTRUNNER = YES;
			};
			name = Debug;
		};
		8850FFD71C0CCF3B00040D2A /* Release */ = {
			isa = XCBuildConfiguration;
			buildSettings = {
				INFOPLIST_FILE = "Map BookmarksUITests/Info.plist";
				LD_RUNPATH_SEARCH_PATHS = "$(inherited) @executable_path/Frameworks @loader_path/Frameworks";
				PRODUCT_BUNDLE_IDENTIFIER = "hata.Map-BookmarksUITests";
				PRODUCT_NAME = "$(TARGET_NAME)";
				TEST_TARGET_NAME = "Map Bookmarks";
				USES_XCTRUNNER = YES;
			};
			name = Release;
		};
/* End XCBuildConfiguration section */

/* Begin XCConfigurationList section */
		8850FF9A1C0CCF3A00040D2A /* Build configuration list for PBXProject "Map Bookmarks" */ = {
			isa = XCConfigurationList;
			buildConfigurations = (
				8850FFCD1C0CCF3B00040D2A /* Debug */,
				8850FFCE1C0CCF3B00040D2A /* Release */,
			);
			defaultConfigurationIsVisible = 0;
			defaultConfigurationName = Release;
		};
		8850FFCF1C0CCF3B00040D2A /* Build configuration list for PBXNativeTarget "Map Bookmarks" */ = {
			isa = XCConfigurationList;
			buildConfigurations = (
				8850FFD01C0CCF3B00040D2A /* Debug */,
				8850FFD11C0CCF3B00040D2A /* Release */,
			);
			defaultConfigurationIsVisible = 0;
		};
		8850FFD21C0CCF3B00040D2A /* Build configuration list for PBXNativeTarget "Map BookmarksTests" */ = {
			isa = XCConfigurationList;
			buildConfigurations = (
				8850FFD31C0CCF3B00040D2A /* Debug */,
				8850FFD41C0CCF3B00040D2A /* Release */,
			);
			defaultConfigurationIsVisible = 0;
		};
		8850FFD51C0CCF3B00040D2A /* Build configuration list for PBXNativeTarget "Map BookmarksUITests" */ = {
			isa = XCConfigurationList;
			buildConfigurations = (
				8850FFD61C0CCF3B00040D2A /* Debug */,
				8850FFD71C0CCF3B00040D2A /* Release */,
			);
			defaultConfigurationIsVisible = 0;
		};
/* End XCConfigurationList section */

/* Begin XCVersionGroup section */
		8850FFAE1C0CCF3B00040D2A /* Map_Bookmarks.xcdatamodeld */ = {
			isa = XCVersionGroup;
			children = (
				8850FFAF1C0CCF3B00040D2A /* Map_Bookmarks.xcdatamodel */,
			);
			currentVersion = 8850FFAF1C0CCF3B00040D2A /* Map_Bookmarks.xcdatamodel */;
			path = Map_Bookmarks.xcdatamodeld;
			sourceTree = "<group>";
			versionGroupType = wrapper.xcdatamodel;
		};
/* End XCVersionGroup section */
	};
	rootObject = 8850FF971C0CCF3A00040D2A /* Project object */;
}
